
Microsoft Visual Studio Solution File, Format Version 12.00
# Visual Studio Version 17
VisualStudioVersion = 17.7.34024.191
MinimumVisualStudioVersion = 10.0.40219.1
Project("{FAE04EC0-301F-11D3-BF4B-00C04F79EFBC}") = "OOP Inheritance", "OOP Inheritance.csproj", "{6C5DE77A-4500-4A2D-9887-27531B2A1FA7}"
EndProject
Global
	GlobalSection(SolutionConfigurationPlatforms) = preSolution
		Debug|Any CPU = Debug|Any CPU
		Release|Any CPU = Release|Any CPU
	EndGlobalSection
	GlobalSection(ProjectConfigurationPlatforms) = postSolution
		{6C5DE77A-4500-4A2D-9887-27531B2A1FA7}.Debug|Any CPU.ActiveCfg = Debug|Any CPU
		{6C5DE77A-4500-4A2D-9887-27531B2A1FA7}.Debug|Any CPU.Build.0 = Debug|Any CPU
		{6C5DE77A-4500-4A2D-9887-27531B2A1FA7}.Release|Any CPU.ActiveCfg = Release|Any CPU
		{6C5DE77A-4500-4A2D-9887-27531B2A1FA7}.Release|Any CPU.Build.0 = Release|Any CPU
	EndGlobalSection
	GlobalSection(SolutionProperties) = preSolution
		HideSolutionNode = FALSE
	EndGlobalSection
	GlobalSection(ExtensibilityGlobals) = postSolution
		SolutionGuid = {E988D129-43C8-4208-9AD8-6B300CBAB0F2}
	EndGlobalSection
EndGlobal
